// !$*UTF8*$!
{
	archiveVersion = 1;
	classes = {
	};
	objectVersion = 48;
	objects = {

/* Begin PBXBuildFile section */
		8101712D2013A421006BBE14 /* AppDelegate.swift in Sources */ = {isa = PBXBuildFile; fileRef = 8101712C2013A421006BBE14 /* AppDelegate.swift */; };
		8101712F2013A421006BBE14 /* GameScene.sks in Resources */ = {isa = PBXBuildFile; fileRef = 8101712E2013A421006BBE14 /* GameScene.sks */; };
		810171312013A422006BBE14 /* Actions.sks in Resources */ = {isa = PBXBuildFile; fileRef = 810171302013A422006BBE14 /* Actions.sks */; };
		810171332013A422006BBE14 /* GameScene.swift in Sources */ = {isa = PBXBuildFile; fileRef = 810171322013A422006BBE14 /* GameScene.swift */; };
		810171352013A422006BBE14 /* GameViewController.swift in Sources */ = {isa = PBXBuildFile; fileRef = 810171342013A422006BBE14 /* GameViewController.swift */; };
		810171382013A422006BBE14 /* Main.storyboard in Resources */ = {isa = PBXBuildFile; fileRef = 810171362013A422006BBE14 /* Main.storyboard */; };
		8101713A2013A422006BBE14 /* Assets.xcassets in Resources */ = {isa = PBXBuildFile; fileRef = 810171392013A422006BBE14 /* Assets.xcassets */; };
		8101713D2013A422006BBE14 /* LaunchScreen.storyboard in Resources */ = {isa = PBXBuildFile; fileRef = 8101713B2013A422006BBE14 /* LaunchScreen.storyboard */; };
/* End PBXBuildFile section */

/* Begin PBXFileReference section */
		810171292013A421006BBE14 /* NinjaFirstRun.app */ = {isa = PBXFileReference; explicitFileType = wrapper.application; includeInIndex = 0; path = NinjaFirstRun.app; sourceTree = BUILT_PRODUCTS_DIR; };
		8101712C2013A421006BBE14 /* AppDelegate.swift */ = {isa = PBXFileReference; lastKnownFileType = sourcecode.swift; path = AppDelegate.swift; sourceTree = "<group>"; };
		8101712E2013A421006BBE14 /* GameScene.sks */ = {isa = PBXFileReference; lastKnownFileType = file.sks; path = GameScene.sks; sourceTree = "<group>"; };
		810171302013A422006BBE14 /* Actions.sks */ = {isa = PBXFileReference; lastKnownFileType = file.sks; path = Actions.sks; sourceTree = "<group>"; };
		810171322013A422006BBE14 /* GameScene.swift */ = {isa = PBXFileReference; lastKnownFileType = sourcecode.swift; path = GameScene.swift; sourceTree = "<group>"; };
		810171342013A422006BBE14 /* GameViewController.swift */ = {isa = PBXFileReference; lastKnownFileType = sourcecode.swift; path = GameViewController.swift; sourceTree = "<group>"; };
		810171372013A422006BBE14 /* Base */ = {isa = PBXFileReference; lastKnownFileType = file.storyboard; name = Base; path = Base.lproj/Main.storyboard; sourceTree = "<group>"; };
		810171392013A422006BBE14 /* Assets.xcassets */ = {isa = PBXFileReference; lastKnownFileType = folder.assetcatalog; path = Assets.xcassets; sourceTree = "<group>"; };
		8101713C2013A422006BBE14 /* Base */ = {isa = PBXFileReference; lastKnownFileType = file.storyboard; name = Base; path = Base.lproj/LaunchScreen.storyboard; sourceTree = "<group>"; };
		8101713E2013A422006BBE14 /* Info.plist */ = {isa = PBXFileReference; lastKnownFileType = text.plist.xml; path = Info.plist; sourceTree = "<group>"; };
/* End PBXFileReference section */

/* Begin PBXFrameworksBuildPhase section */
		810171262013A421006BBE14 /* Frameworks */ = {
			isa = PBXFrameworksBuildPhase;
			buildActionMask = 2147483647;
			files = (
			);
			runOnlyForDeploymentPostprocessing = 0;
		};
/* End PBXFrameworksBuildPhase section */

/* Begin PBXGroup section */
		810171202013A421006BBE14 = {
			isa = PBXGroup;
			children = (
				8101712B2013A421006BBE14 /* NinjaFirstRun */,
				8101712A2013A421006BBE14 /* Products */,
			);
			sourceTree = "<group>";
		};
		8101712A2013A421006BBE14 /* Products */ = {
			isa = PBXGroup;
			children = (
				810171292013A421006BBE14 /* NinjaFirstRun.app */,
			);
			name = Products;
			sourceTree = "<group>";
		};
		8101712B2013A421006BBE14 /* NinjaFirstRun */ = {
			isa = PBXGroup;
			children = (
				8101712C2013A421006BBE14 /* AppDelegate.swift */,
				8101712E2013A421006BBE14 /* GameScene.sks */,
				810171302013A422006BBE14 /* Actions.sks */,
				810171322013A422006BBE14 /* GameScene.swift */,
				810171342013A422006BBE14 /* GameViewController.swift */,
				810171362013A422006BBE14 /* Main.storyboard */,
				810171392013A422006BBE14 /* Assets.xcassets */,
				8101713B2013A422006BBE14 /* LaunchScreen.storyboard */,
				8101713E2013A422006BBE14 /* Info.plist */,
			);
			path = NinjaFirstRun;
			sourceTree = "<group>";
		};
/* End PBXGroup section */

/* Begin PBXNativeTarget section */
		810171282013A421006BBE14 /* NinjaFirstRun */ = {
			isa = PBXNativeTarget;
			buildConfigurationList = 810171412013A422006BBE14 /* Build configuration list for PBXNativeTarget "NinjaFirstRun" */;
			buildPhases = (
				810171252013A421006BBE14 /* Sources */,
				810171262013A421006BBE14 /* Frameworks */,
				810171272013A421006BBE14 /* Resources */,
			);
			buildRules = (
			);
			dependencies = (
			);
			name = NinjaFirstRun;
			productName = NinjaFirstRun;
			productReference = 810171292013A421006BBE14 /* NinjaFirstRun.app */;
			productType = "com.apple.product-type.application";
		};
/* End PBXNativeTarget section */

/* Begin PBXProject section */
		810171212013A421006BBE14 /* Project object */ = {
			isa = PBXProject;
			attributes = {
				LastSwiftUpdateCheck = 0920;
				LastUpgradeCheck = 0920;
				ORGANIZATIONNAME = "Fleischauer, Joseph";
				TargetAttributes = {
					810171282013A421006BBE14 = {
						CreatedOnToolsVersion = 9.2;
						ProvisioningStyle = Automatic;
					};
				};
			};
			buildConfigurationList = 810171242013A421006BBE14 /* Build configuration list for PBXProject "NinjaFirstRun" */;
			compatibilityVersion = "Xcode 8.0";
			developmentRegion = en;
			hasScannedForEncodings = 0;
			knownRegions = (
				en,
				Base,
			);
			mainGroup = 810171202013A421006BBE14;
			productRefGroup = 8101712A2013A421006BBE14 /* Products */;
			projectDirPath = "";
			projectRoot = "";
			targets = (
				810171282013A421006BBE14 /* NinjaFirstRun */,
			);
		};
/* End PBXProject section */

/* Begin PBXResourcesBuildPhase section */
		810171272013A421006BBE14 /* Resources */ = {
			isa = PBXResourcesBuildPhase;
			buildActionMask = 2147483647;
			files = (
				810171382013A422006BBE14 /* Main.storyboard in Resources */,
				8101712F2013A421006BBE14 /* GameScene.sks in Resources */,
				8101713A2013A422006BBE14 /* Assets.xcassets in Resources */,
				8101713D2013A422006BBE14 /* LaunchScreen.storyboard in Resources */,
				810171312013A422006BBE14 /* Actions.sks in Resources */,
			);
			runOnlyForDeploymentPostprocessing = 0;
		};
/* End PBXResourcesBuildPhase section */

/* Begin PBXSourcesBuildPhase section */
		810171252013A421006BBE14 /* Sources */ = {
			isa = PBXSourcesBuildPhase;
			buildActionMask = 2147483647;
			files = (
				810171332013A422006BBE14 /* GameScene.swift in Sources */,
				810171352013A422006BBE14 /* GameViewController.swift in Sources */,
				8101712D2013A421006BBE14 /* AppDelegate.swift in Sources */,
			);
			runOnlyForDeploymentPostprocessing = 0;
		};
/* End PBXSourcesBuildPhase section */

/* Begin PBXVariantGroup section */
		810171362013A422006BBE14 /* Main.storyboard */ = {
			isa = PBXVariantGroup;
			children = (
				810171372013A422006BBE14 /* Base */,
			);
			name = Main.storyboard;
			sourceTree = "<group>";
		};
		8101713B2013A422006BBE14 /* LaunchScreen.storyboard */ = {
			isa = PBXVariantGroup;
			children = (
				8101713C2013A422006BBE14 /* Base */,
			);
			name = LaunchScreen.storyboard;
			sourceTree = "<group>";
		};
/* End PBXVariantGroup section */

/* Begin XCBuildConfiguration section */
		8101713F2013A422006BBE14 /* Debug */ = {
			isa = XCBuildConfiguration;
			buildSettings = {
				ALWAYS_SEARCH_USER_PATHS = NO;
				CLANG_ANALYZER_NONNULL = YES;
				CLANG_ANALYZER_NUMBER_OBJECT_CONVERSION = YES_AGGRESSIVE;
				CLANG_CXX_LANGUAGE_STANDARD = "gnu++14";
				CLANG_CXX_LIBRARY = "libc++";
				CLANG_ENABLE_MODULES = YES;
				CLANG_ENABLE_OBJC_ARC = YES;
				CLANG_WARN_BLOCK_CAPTURE_AUTORELEASING = YES;
				CLANG_WARN_BOOL_CONVERSION = YES;
				CLANG_WARN_COMMA = YES;
				CLANG_WARN_CONSTANT_CONVERSION = YES;
				CLANG_WARN_DIRECT_OBJC_ISA_USAGE = YES_ERROR;
				CLANG_WARN_DOCUMENTATION_COMMENTS = YES;
				CLANG_WARN_EMPTY_BODY = YES;
				CLANG_WARN_ENUM_CONVERSION = YES;
				CLANG_WARN_INFINITE_RECURSION = YES;
				CLANG_WARN_INT_CONVERSION = YES;
				CLANG_WARN_NON_LITERAL_NULL_CONVERSION = YES;
				CLANG_WARN_OBJC_LITERAL_CONVERSION = YES;
				CLANG_WARN_OBJC_ROOT_CLASS = YES_ERROR;
				CLANG_WARN_RANGE_LOOP_ANALYSIS = YES;
				CLANG_WARN_STRICT_PROTOTYPES = YES;
				CLANG_WARN_SUSPICIOUS_MOVE = YES;
				CLANG_WARN_UNGUARDED_AVAILABILITY = YES_AGGRESSIVE;
				CLANG_WARN_UNREACHABLE_CODE = YES;
				CLANG_WARN__DUPLICATE_METHOD_MATCH = YES;
				CODE_SIGN_IDENTITY = "iPhone Developer";
				COPY_PHASE_STRIP = NO;
				DEBUG_INFORMATION_FORMAT = dwarf;
				ENABLE_STRICT_OBJC_MSGSEND = YES;
				ENABLE_TESTABILITY = YES;
				GCC_C_LANGUAGE_STANDARD = gnu11;
				GCC_DYNAMIC_NO_PIC = NO;
				GCC_NO_COMMON_BLOCKS = YES;
				GCC_OPTIMIZATION_LEVEL = 0;
				GCC_PREPROCESSOR_DEFINITIONS = (
					"DEBUG=1",
					"$(inherited)",
				);
				GCC_WARN_64_TO_32_BIT_CONVERSION = YES;
				GCC_WARN_ABOUT_RETURN_TYPE = YES_ERROR;
				GCC_WARN_UNDECLARED_SELECTOR = YES;
				GCC_WARN_UNINITIALIZED_AUTOS = YES_AGGRESSIVE;
				GCC_WARN_UNUSED_FUNCTION = YES;
				GCC_WARN_UNUSED_VARIABLE = YES;
				IPHONEOS_DEPLOYMENT_TARGET = 11.2;
				MTL_ENABLE_DEBUG_INFO = YES;
				ONLY_ACTIVE_ARCH = YES;
				SDKROOT = iphoneos;
				SWIFT_ACTIVE_COMPILATION_CONDITIONS = DEBUG;
				SWIFT_OPTIMIZATION_LEVEL = "-Onone";
			};
			name = Debug;
		};
		810171402013A422006BBE14 /* Release */ = {
			isa = XCBuildConfiguration;
			buildSettings = {
				ALWAYS_SEARCH_USER_PATHS = NO;
				CLANG_ANALYZER_NONNULL = YES;
				CLANG_ANALYZER_NUMBER_OBJECT_CONVERSION = YES_AGGRESSIVE;
				CLANG_CXX_LANGUAGE_STANDARD = "gnu++14";
				CLANG_CXX_LIBRARY = "libc++";
				CLANG_ENABLE_MODULES = YES;
				CLANG_ENABLE_OBJC_ARC = YES;
				CLANG_WARN_BLOCK_CAPTURE_AUTORELEASING = YES;
				CLANG_WARN_BOOL_CONVERSION = YES;
				CLANG_WARN_COMMA = YES;
				CLANG_WARN_CONSTANT_CONVERSION = YES;
				CLANG_WARN_DIRECT_OBJC_ISA_USAGE = YES_ERROR;
				CLANG_WARN_DOCUMENTATION_COMMENTS = YES;
				CLANG_WARN_EMPTY_BODY = YES;
				CLANG_WARN_ENUM_CONVERSION = YES;
				CLANG_WARN_INFINITE_RECURSION = YES;
				CLANG_WARN_INT_CONVERSION = YES;
				CLANG_WARN_NON_LITERAL_NULL_CONVERSION = YES;
				CLANG_WARN_OBJC_LITERAL_CONVERSION = YES;
				CLANG_WARN_OBJC_ROOT_CLASS = YES_ERROR;
				CLANG_WARN_RANGE_LOOP_ANALYSIS = YES;
				CLANG_WARN_STRICT_PROTOTYPES = YES;
				CLANG_WARN_SUSPICIOUS_MOVE = YES;
				CLANG_WARN_UNGUARDED_AVAILABILITY = YES_AGGRESSIVE;
				CLANG_WARN_UNREACHABLE_CODE = YES;
				CLANG_WARN__DUPLICATE_METHOD_MATCH = YES;
				CODE_SIGN_IDENTITY = "iPhone Developer";
				COPY_PHASE_STRIP = NO;
				DEBUG_INFORMATION_FORMAT = "dwarf-with-dsym";
				ENABLE_NS_ASSERTIONS = NO;
				ENABLE_STRICT_OBJC_MSGSEND = YES;
				GCC_C_LANGUAGE_STANDARD = gnu11;
				GCC_NO_COMMON_BLOCKS = YES;
				GCC_WARN_64_TO_32_BIT_CONVERSION = YES;
				GCC_WARN_ABOUT_RETURN_TYPE = YES_ERROR;
				GCC_WARN_UNDECLARED_SELECTOR = YES;
				GCC_WARN_UNINITIALIZED_AUTOS = YES_AGGRESSIVE;
				GCC_WARN_UNUSED_FUNCTION = YES;
				GCC_WARN_UNUSED_VARIABLE = YES;
				IPHONEOS_DEPLOYMENT_TARGET = 11.2;
				MTL_ENABLE_DEBUG_INFO = NO;
				SDKROOT = iphoneos;
				SWIFT_OPTIMIZATION_LEVEL = "-Owholemodule";
				VALIDATE_PRODUCT = YES;
			};
			name = Release;
		};
		810171422013A422006BBE14 /* Debug */ = {
			isa = XCBuildConfiguration;
			buildSettings = {
				ASSETCATALOG_COMPILER_APPICON_NAME = AppIcon;
				CODE_SIGN_STYLE = Automatic;
				DEVELOPMENT_TEAM = 8P4962W268;
				INFOPLIST_FILE = NinjaFirstRun/Info.plist;
				LD_RUNPATH_SEARCH_PATHS = "$(inherited) @executable_path/Frameworks";
				PRODUCT_BUNDLE_IDENTIFIER = "org.116-rlas.NinjaFirstRun";
				PRODUCT_NAME = "$(TARGET_NAME)";
				SWIFT_VERSION = 4.0;
				TARGETED_DEVICE_FAMILY = "1,2";
			};
			name = Debug;
		};
		810171432013A422006BBE14 /* Release */ = {
			isa = XCBuildConfiguration;
			buildSettings = {
				ASSETCATALOG_COMPILER_APPICON_NAME = AppIcon;
				CODE_SIGN_STYLE = Automatic;
				DEVELOPMENT_TEAM = 8P4962W268;
				INFOPLIST_FILE = NinjaFirstRun/Info.plist;
				LD_RUNPATH_SEARCH_PATHS = "$(inherited) @executable_path/Frameworks";
				PRODUCT_BUNDLE_IDENTIFIER = "org.116-rlas.NinjaFirstRun";
				PRODUCT_NAME = "$(TARGET_NAME)";
				SWIFT_VERSION = 4.0;
				TARGETED_DEVICE_FAMILY = "1,2";
			};
			name = Release;
		};
/* End XCBuildConfiguration section */

/* Begin XCConfigurationList section */
		810171242013A421006BBE14 /* Build configuration list for PBXProject "NinjaFirstRun" */ = {
			isa = XCConfigurationList;
			buildConfigurations = (
				8101713F2013A422006BBE14 /* Debug */,
				810171402013A422006BBE14 /* Release */,
			);
			defaultConfigurationIsVisible = 0;
			defaultConfigurationName = Release;
		};
		810171412013A422006BBE14 /* Build configuration list for PBXNativeTarget "NinjaFirstRun" */ = {
			isa = XCConfigurationList;
			buildConfigurations = (
				810171422013A422006BBE14 /* Debug */,
				810171432013A422006BBE14 /* Release */,
			);
			defaultConfigurationIsVisible = 0;
			defaultConfigurationName = Release;
		};
/* End XCConfigurationList section */
	};
	rootObject = 810171212013A421006BBE14 /* Project object */;
}
